
Microsoft Visual Studio Solution File, Format Version 12.00
# Visual Studio 2012
Project("{FAE04EC0-301F-11D3-BF4B-00C04F79EFBC}") = "DBMS_LAB_PROJECT", "DBMS_LAB_PROJECT\DBMS_LAB_PROJECT.csproj", "{664F6D38-049C-48EE-90C9-2CF1EAB4CD8F}"
EndProject
Global
	GlobalSection(SolutionConfigurationPlatforms) = preSolution
		Debug|Any CPU = Debug|Any CPU
		Release|Any CPU = Release|Any CPU
	EndGlobalSection
	GlobalSection(ProjectConfigurationPlatforms) = postSolution
		{664F6D38-049C-48EE-90C9-2CF1EAB4CD8F}.Debug|Any CPU.ActiveCfg = Debug|Any CPU
		{664F6D38-049C-48EE-90C9-2CF1EAB4CD8F}.Debug|Any CPU.Build.0 = Debug|Any CPU
		{664F6D38-049C-48EE-90C9-2CF1EAB4CD8F}.Release|Any CPU.ActiveCfg = Release|Any CPU
		{664F6D38-049C-48EE-90C9-2CF1EAB4CD8F}.Release|Any CPU.Build.0 = Release|Any CPU
	EndGlobalSection
	GlobalSection(SolutionProperties) = preSolution
		HideSolutionNode = FALSE
	EndGlobalSection
EndGlobal
